
Microsoft Visual Studio Solution File, Format Version 12.00
# Visual Studio Version 16
VisualStudioVersion = 16.0.31129.286
MinimumVisualStudioVersion = 10.0.40219.1
Project("{FAE04EC0-301F-11D3-BF4B-00C04F79EFBC}") = "PollosHermano", "PollosHermano\PollosHermano.csproj", "{C1BBD38E-724B-4304-B3F0-FE8A43C5A526}"
EndProject
Global
	GlobalSection(SolutionConfigurationPlatforms) = preSolution
		Debug|Any CPU = Debug|Any CPU
		Release|Any CPU = Release|Any CPU
	EndGlobalSection
	GlobalSection(ProjectConfigurationPlatforms) = postSolution
		{C1BBD38E-724B-4304-B3F0-FE8A43C5A526}.Debug|Any CPU.ActiveCfg = Debug|Any CPU
		{C1BBD38E-724B-4304-B3F0-FE8A43C5A526}.Debug|Any CPU.Build.0 = Debug|Any CPU
		{C1BBD38E-724B-4304-B3F0-FE8A43C5A526}.Release|Any CPU.ActiveCfg = Release|Any CPU
		{C1BBD38E-724B-4304-B3F0-FE8A43C5A526}.Release|Any CPU.Build.0 = Release|Any CPU
	EndGlobalSection
	GlobalSection(SolutionProperties) = preSolution
		HideSolutionNode = FALSE
	EndGlobalSection
	GlobalSection(ExtensibilityGlobals) = postSolution
		SolutionGuid = {9F170BC9-4D98-45B0-A475-CF518107660B}
	EndGlobalSection
EndGlobal
